
Microsoft Visual Studio Solution File, Format Version 12.00
# Visual Studio Version 16
VisualStudioVersion = 16.0.31702.278
MinimumVisualStudioVersion = 10.0.40219.1
Project("{FAE04EC0-301F-11D3-BF4B-00C04F79EFBC}") = "DnsWatcher", "DnsWatcher\DnsWatcher.csproj", "{70476792-D796-4EDF-8BCE-CE4B071025ED}"
EndProject
Global
	GlobalSection(SolutionConfigurationPlatforms) = preSolution
		Debug|Any CPU = Debug|Any CPU
		Release|Any CPU = Release|Any CPU
	EndGlobalSection
	GlobalSection(ProjectConfigurationPlatforms) = postSolution
		{70476792-D796-4EDF-8BCE-CE4B071025ED}.Debug|Any CPU.ActiveCfg = Debug|Any CPU
		{70476792-D796-4EDF-8BCE-CE4B071025ED}.Debug|Any CPU.Build.0 = Debug|Any CPU
		{70476792-D796-4EDF-8BCE-CE4B071025ED}.Release|Any CPU.ActiveCfg = Release|Any CPU
		{70476792-D796-4EDF-8BCE-CE4B071025ED}.Release|Any CPU.Build.0 = Release|Any CPU
	EndGlobalSection
	GlobalSection(SolutionProperties) = preSolution
		HideSolutionNode = FALSE
	EndGlobalSection
	GlobalSection(ExtensibilityGlobals) = postSolution
		SolutionGuid = {EEC2424D-422C-4504-B7A9-CFA460C9EB0F}
	EndGlobalSection
EndGlobal
